
Microsoft Visual Studio Solution File, Format Version 12.00
# Visual Studio Version 17
VisualStudioVersion = 17.1.32228.430
MinimumVisualStudioVersion = 10.0.40219.1
Project("{9A19103F-16F7-4668-BE54-9A1E7A4F7556}") = "Continue", "..\Continue\Continue.csproj", "{2AAB3051-4FEC-4D41-8754-E1685531AC03}"
EndProject
Project("{9A19103F-16F7-4668-BE54-9A1E7A4F7556}") = "Do while", "..\Do while\Do while.csproj", "{011F654E-D028-4A3B-AA10-F3763CF7AC92}"
EndProject
Project("{9A19103F-16F7-4668-BE54-9A1E7A4F7556}") = "For", "..\For\For.csproj", "{2BB8A561-BBE0-4BB0-8C26-C6D9E2721A32}"
EndProject
Project("{9A19103F-16F7-4668-BE54-9A1E7A4F7556}") = "IF Else", "..\IF Else\IF Else.csproj", "{15B449EB-6FC0-4B9F-92ED-4493CED479E3}"
EndProject
Project("{9A19103F-16F7-4668-BE54-9A1E7A4F7556}") = "If Else 2", "..\If Else 2\If Else 2.csproj", "{B4242BFF-118A-411B-88BE-BC5EE59AB0FC}"
EndProject
Project("{9A19103F-16F7-4668-BE54-9A1E7A4F7556}") = "NULLABLE", "..\NULLABLE\NULLABLE.csproj", "{D81EE444-F393-4A7A-8108-F8F907080C02}"
EndProject
Project("{9A19103F-16F7-4668-BE54-9A1E7A4F7556}") = "NULLABLE STRING", "..\NULLABLE STRING\NULLABLE STRING.csproj", "{906C92E5-ECAF-4BF5-A6FE-784666B554E5}"
EndProject
Project("{9A19103F-16F7-4668-BE54-9A1E7A4F7556}") = "Percents", "..\Percents\Percents\Percents.csproj", "{40D16CF5-81E5-49A1-BBEF-B3A93218FDDA}"
EndProject
Project("{9A19103F-16F7-4668-BE54-9A1E7A4F7556}") = "ref", "..\ref\ref.csproj", "{322D0F68-2378-4B1D-A4D3-BBAFC4267052}"
EndProject
Project("{9A19103F-16F7-4668-BE54-9A1E7A4F7556}") = "REFДЗ добавить элемент массива по индексу", "..\REFДЗ добавить элемент массива по индексу\REFДЗ добавить элемент массива по индексу.csproj", "{227FABA9-2A12-4834-9A34-DCD055C2ADFF}"
EndProject
Project("{9A19103F-16F7-4668-BE54-9A1E7A4F7556}") = "REFДЗ изменить размер массива", "..\REFДЗ изменить размер массива\REFДЗ изменить размер массива.csproj", "{2C019F07-47C4-451D-A616-036FF4B1BA11}"
EndProject
Project("{9A19103F-16F7-4668-BE54-9A1E7A4F7556}") = "REFДЗ изменить размер массива метод resize", "..\REFДЗ изменить размер массива метод resize\REFДЗ изменить размер массива метод resize.csproj", "{FE1ED587-336A-4AED-8504-DF7E7B931657}"
EndProject
Project("{9A19103F-16F7-4668-BE54-9A1E7A4F7556}") = "REFДЗ метод resize дженерик", "..\REFДЗ метод resize дженерик\REFДЗ метод resize дженерик.csproj", "{F2408EB7-90EB-465E-A984-BEE8CB36FECD}"
EndProject
Project("{9A19103F-16F7-4668-BE54-9A1E7A4F7556}") = "Sum of positive integers", "..\Sum of positive integers\Sum of positive integers\Sum of positive integers.csproj", "{14B6ACDB-8B7E-41BB-A37C-97949E098800}"
EndProject
Project("{9A19103F-16F7-4668-BE54-9A1E7A4F7556}") = "Switch Выбор действия по знаку операции", "..\Switch Выбор действия по знаку операции\Switch Выбор действия по знаку операции.csproj", "{D0FDDCD8-E850-44E4-9B8B-5D8E1988C80D}"
EndProject
Project("{9A19103F-16F7-4668-BE54-9A1E7A4F7556}") = "While", "..\While\While.csproj", "{1CDBBA8F-BC6D-4D1F-8CBA-55928A9ACEC5}"
EndProject
Project("{9A19103F-16F7-4668-BE54-9A1E7A4F7556}") = "While 2", "..\While 2\While 2.csproj", "{DB5C3544-E1DD-4A18-9842-4A145EA92631}"
EndProject
Project("{9A19103F-16F7-4668-BE54-9A1E7A4F7556}") = "While Подсчет суммы цифр в числе", "..\While Подсчет суммы цифр в числе\While Подсчет суммы цифр в числе.csproj", "{AE74DD43-598D-46D2-9C17-29641FF6F8F8}"
EndProject
Project("{9A19103F-16F7-4668-BE54-9A1E7A4F7556}") = "Арифметические операции и var", "..\Арифметические операции и var\Арифметические операции и var.csproj", "{0D5DF762-EC69-423D-849E-600B9311337D}"
EndProject
Project("{9A19103F-16F7-4668-BE54-9A1E7A4F7556}") = "Вложенные циклы", "..\Вложенные циклы\Вложенные циклы.csproj", "{20F87987-81CA-4C3E-BB60-AD07252C74C8}"
EndProject
Project("{9A19103F-16F7-4668-BE54-9A1E7A4F7556}") = "ДЗ калькулятор", "..\ДЗ калькулятор\ДЗ калькулятор.csproj", "{6BF05005-82F5-43F3-A5F0-39B5A8AA9AC6}"
EndProject
Project("{9A19103F-16F7-4668-BE54-9A1E7A4F7556}") = "Вложенные циклы квадрат", "..\Вложенные циклы квадрат\Вложенные циклы квадрат.csproj", "{8A5A2422-7F80-4126-ABB3-3F9A2DB56DD3}"
EndProject
Project("{9A19103F-16F7-4668-BE54-9A1E7A4F7556}") = "Вывод массива в обратном порядке", "..\Вывод массива в обратном порядке\Вывод массива в обратном порядке.csproj", "{7BF83468-73FC-48F8-96A9-3EA4DD6A402D}"
EndProject
Project("{9A19103F-16F7-4668-BE54-9A1E7A4F7556}") = "Вывод массива, перебор массива", "..\Вывод массива, перебор массива\Вывод массива, перебор массива.csproj", "{FE8817B7-7FC5-4418-8879-C7EBB2BE1435}"
EndProject
Project("{9A19103F-16F7-4668-BE54-9A1E7A4F7556}") = "ДЗ Количестве четных и нечетных", "..\ДЗ Количестве четных и нечетных\ДЗ Количестве четных и нечетных.csproj", "{C20A2FCE-4CAC-41ED-A9BE-28C4211A9B37}"
EndProject
Project("{9A19103F-16F7-4668-BE54-9A1E7A4F7556}") = "Домашнее задание 4", "..\Домашнее задание 4\Домашнее задание 4.csproj", "{7DCD4E88-24DD-4FCA-8A16-72A5E3AE8D53}"
EndProject
Project("{9A19103F-16F7-4668-BE54-9A1E7A4F7556}") = "Индексы и диапазоны", "..\Индексы и диапазоны\Индексы и диапазоны.csproj", "{BFA985E1-0AAB-440E-BB48-DFD0A5F47B38}"
EndProject
Project("{9A19103F-16F7-4668-BE54-9A1E7A4F7556}") = "Инициализация массива", "..\Инициализация массива\Инициализация массива.csproj", "{23466319-50DB-4603-99BD-6CBEAA380F07}"
EndProject
Project("{9A19103F-16F7-4668-BE54-9A1E7A4F7556}") = "Калькулятор", "..\Калькулятор\Калькулятор.csproj", "{5B4D3CF2-7004-4099-8354-C2EA1A840F5C}"
EndProject
Project("{9A19103F-16F7-4668-BE54-9A1E7A4F7556}") = "Кольк2", "..\Кольк2\Кольк2.csproj", "{C2C87FEA-C07F-416C-8270-AE0BA124D047}"
EndProject
Project("{9A19103F-16F7-4668-BE54-9A1E7A4F7556}") = "Логические операторы. Сокращенные логические операции", "..\Логические операторы. Сокращенные логические операции\Логические операторы. Сокращенные логические операции.csproj", "{56D3355F-EB04-4A76-91C9-B660455BFABA}"
EndProject
Project("{9A19103F-16F7-4668-BE54-9A1E7A4F7556}") = "Масси Двумерный, многомерный.", "..\Масси Двумерный, многомерный\Масси Двумерный, многомерный..csproj", "{6A075A3F-3697-4EB7-B935-E38B00C51F03}"
EndProject
Project("{9A19103F-16F7-4668-BE54-9A1E7A4F7556}") = "Массив Двумерный. Объявление, инициализация, индексы.", "..\Массив Двумерный. Объявление, инициализация, индексы\Массив Двумерный. Объявление, инициализация, индексы..csproj", "{46324D67-CBCF-4D57-8DD7-2000B1D02F3A}"
EndProject
Project("{9A19103F-16F7-4668-BE54-9A1E7A4F7556}") = "Массивы ДЗ", "..\Массивы ДЗ\Массивы ДЗ.csproj", "{30BD6C14-2174-420D-99B7-81B40C4626D5}"
EndProject
Project("{FAE04EC0-301F-11D3-BF4B-00C04F79EFBC}") = "Массивы. Заполнение с клавиатуры", "..\Массивы. Заполнение с клавиатуры\Массивы. Заполнение с клавиатуры.csproj", "{F5EA7F26-A3E9-48F4-AEBD-A28942DF9D57}"
EndProject
Project("{FAE04EC0-301F-11D3-BF4B-00C04F79EFBC}") = "Массивы. Зубчатые", "..\Массивы. Зубчатые\Массивы. Зубчатые.csproj", "{3806C0FE-6C0E-4DB1-984F-9463789C1F44}"
EndProject
Project("{9A19103F-16F7-4668-BE54-9A1E7A4F7556}") = "Массивы на самом деле", "..\Массивы на самом деле\Массивы на самом деле.csproj", "{A8798D1E-378A-4A3F-A115-39FFC6E39478}"
EndProject
Project("{9A19103F-16F7-4668-BE54-9A1E7A4F7556}") = "Массивы. Одномерный массив", "..\Массивы. Одномерный массив\Массивы. Одномерный массив.csproj", "{5B49DC45-336B-4C37-8C4E-8481B03D5903}"
EndProject
Project("{FAE04EC0-301F-11D3-BF4B-00C04F79EFBC}") = "Массивы. Трехмерные Зубчатые", "..\Массивы. Трехмерные Зубчатые\Массивы. Трехмерные Зубчатые.csproj", "{BEC5B663-827B-406B-9A1E-8BC39C4186E8}"
EndProject
Project("{9A19103F-16F7-4668-BE54-9A1E7A4F7556}") = "Массивый. Двумерный. Вывод", "..\Массивый. Двумерный. Вывод\Массивый. Двумерный. Вывод.csproj", "{116D770A-33A4-46A9-8F94-1E8041AB3646}"
EndProject
Project("{9A19103F-16F7-4668-BE54-9A1E7A4F7556}") = "Методы", "..\Методы\Методы.csproj", "{EEB919C2-3EBE-401E-AE14-3669235F1431}"
EndProject
Project("{9A19103F-16F7-4668-BE54-9A1E7A4F7556}") = "Наименьший элемент массива", "..\Наименьший элемент массива\Наименьший элемент массива.csproj", "{DFAB77FB-72E1-4CB0-89CE-23FF7B19FFAB}"
EndProject
Project("{9A19103F-16F7-4668-BE54-9A1E7A4F7556}") = "Присваивание и приоритет операций", "..\Присваивание и приоритет операций\Присваивание и приоритет операций.csproj", "{83277CEE-1191-4648-8FB4-3716F1E22625}"
EndProject
Project("{9A19103F-16F7-4668-BE54-9A1E7A4F7556}") = "Рекурсивный вывод массива", "..\Рекурсивный вывод массива\Рекурсивный вывод массива.csproj", "{EC0F3ABC-CD92-48B8-9BB0-A87F8DEFBD54}"
EndProject
Project("{9A19103F-16F7-4668-BE54-9A1E7A4F7556}") = "Рекурсия сумма элементов массива", "..\Рекурсия сумма элементов массива\Рекурсия сумма элементов массива.csproj", "{1A71FAD2-826F-46FF-949E-B3E5E33B6616}"
EndProject
Project("{9A19103F-16F7-4668-BE54-9A1E7A4F7556}") = "Сумма четных чисел в массиве", "..\Сумма четных чисел в массиве\Сумма четных чисел в массиве.csproj", "{741BA23F-D464-4181-8B5B-9837DD6137DC}"
EndProject
Project("{9A19103F-16F7-4668-BE54-9A1E7A4F7556}") = "Тернарный оператор", "..\Тернарный оператор\Тернарный оператор.csproj", "{62B81E72-592A-435E-A183-EC6FE6423652}"
EndProject
Project("{9A19103F-16F7-4668-BE54-9A1E7A4F7556}") = "Типы данных", "..\Типы данных\Типы данных.csproj", "{2B103974-F580-40ED-8DA8-43316B50BAB5}"
EndProject
Project("{9A19103F-16F7-4668-BE54-9A1E7A4F7556}") = "Типы данных. Преобразование типов", "..\Типы данных. Преобразование типов\Типы данных. Преобразование типов.csproj", "{7DCA85AA-193B-4D5F-A45D-C94F52903EEE}"
EndProject
Project("{9A19103F-16F7-4668-BE54-9A1E7A4F7556}") = "Треугольник 2", "..\Треугольник 2\Треугольник 2.csproj", "{B28ECB92-43F3-411A-8A37-231F834ECD02}"
EndProject
Project("{9A19103F-16F7-4668-BE54-9A1E7A4F7556}") = "Треугольник 3", "..\Треугольник 3\Треугольник 3.csproj", "{397AFAD4-CB87-4420-8FEF-9E802DE78765}"
EndProject
Project("{9A19103F-16F7-4668-BE54-9A1E7A4F7556}") = "Треугольник 4", "..\Треугольник 4\Треугольник 4.csproj", "{DB641C64-30F9-4994-AF85-EB645B50A01F}"
EndProject
Project("{9A19103F-16F7-4668-BE54-9A1E7A4F7556}") = "Треугольник Вложенные Циклы ДЗ", "..\Треугольник Вложенные Циклы ДЗ\Треугольник Вложенные Циклы ДЗ.csproj", "{465AB227-F515-4458-99F3-957EEF9C06D0}"
EndProject
Project("{9A19103F-16F7-4668-BE54-9A1E7A4F7556}") = "Треугольник ДЗ Вложенные циклы", "..\Треугольник ДЗ Вложенные циклы\Треугольник ДЗ Вложенные циклы.csproj", "{D701282C-02B4-4938-8134-58109D3BA7DA}"
EndProject
Project("{9A19103F-16F7-4668-BE54-9A1E7A4F7556}") = "Треугольник ДЗ встроенные циклы", "..\Треугольник ДЗ встроенные циклы\Треугольник ДЗ встроенные циклы.csproj", "{FFBF90F1-37A6-4ECE-9C3E-7B92DF350D03}"
EndProject
Project("{FAE04EC0-301F-11D3-BF4B-00C04F79EFBC}") = "Трехмерные массивы", "..\Трехмерные массивы\Трехмерные массивы.csproj", "{A165DF0C-2707-4FF3-8683-622042C3A3EA}"
EndProject
Project("{9A19103F-16F7-4668-BE54-9A1E7A4F7556}") = "Условный оператор Switch", "..\Условный оператор Switch\Условный оператор Switch.csproj", "{FC9FABB7-3031-4A85-A4AE-83FE58FEE4B1}"
EndProject
Project("{FAE04EC0-301F-11D3-BF4B-00C04F79EFBC}") = "Функции и методы", "..\Функции и методы\Функции и методы.csproj", "{926A7716-E335-4C80-9057-551E499A5EED}"
EndProject
Project("{FAE04EC0-301F-11D3-BF4B-00C04F79EFBC}") = "Функции и методы ДЗ 1. Вывод на экран строки", "..\Функции и методы ДЗ 1. Вывод на экран строки\Функции и методы ДЗ 1. Вывод на экран строки.csproj", "{B0ECC4F4-B512-43E0-B265-ABEE4CEC70E5}"
EndProject
Project("{FAE04EC0-301F-11D3-BF4B-00C04F79EFBC}") = "Функции и Методы ДЗ2 Найти индекс в элементе массива", "..\Функции и Методы ДЗ2 Найти индекс в элементе массива\Функции и Методы ДЗ2 Найти индекс в элементе массива.csproj", "{65C41960-1B5B-4136-AC15-B99AE84E694D}"
EndProject
Project("{FAE04EC0-301F-11D3-BF4B-00C04F79EFBC}") = "Функции и методы Возвращаемый тип данных без параметров", "..\Функции и методы Повтор\Функции и методы Возвращаемый тип данных без параметров\Функции и методы Возвращаемый тип данных без параметров.csproj", "{C34F13E8-A481-4F0D-B315-55A237315AB6}"
EndProject
Project("{FAE04EC0-301F-11D3-BF4B-00C04F79EFBC}") = "Функции и методы не возвращает с параметрами", "..\Функции и методы Повтор\Функции и методы не возвращает с параметрами\Функции и методы не возвращает с параметрами.csproj", "{06C261D9-80BD-42A0-B183-E37FD21A2FE8}"
EndProject
Project("{FAE04EC0-301F-11D3-BF4B-00C04F79EFBC}") = "Функции и методы Повтор", "..\Функции и методы Повтор\Функции и методы Повтор\Функции и методы Повтор.csproj", "{6F775441-30E3-4AA3-9D81-ED0BC18A0B64}"
EndProject
Project("{FAE04EC0-301F-11D3-BF4B-00C04F79EFBC}") = "Функции и методы. ДЗ введение символа", "..\Функции и методы. ДЗ введение символа\Функции и методы. ДЗ введение символа.csproj", "{C6FF14AE-59F3-4A1C-AFE4-B3350D0BDE6E}"
EndProject
Project("{9A19103F-16F7-4668-BE54-9A1E7A4F7556}") = "Функции и Методы. Перегрузки", "..\Функции и Методы. Перегрузки\Функции и Методы. Перегрузки.csproj", "{91329AAB-7D69-4631-AA0F-E81CA2A7CCF2}"
EndProject
Global
	GlobalSection(SolutionConfigurationPlatforms) = preSolution
		Debug|Any CPU = Debug|Any CPU
		Release|Any CPU = Release|Any CPU
	EndGlobalSection
	GlobalSection(ProjectConfigurationPlatforms) = postSolution
		{2AAB3051-4FEC-4D41-8754-E1685531AC03}.Debug|Any CPU.ActiveCfg = Debug|Any CPU
		{2AAB3051-4FEC-4D41-8754-E1685531AC03}.Debug|Any CPU.Build.0 = Debug|Any CPU
		{2AAB3051-4FEC-4D41-8754-E1685531AC03}.Release|Any CPU.ActiveCfg = Release|Any CPU
		{2AAB3051-4FEC-4D41-8754-E1685531AC03}.Release|Any CPU.Build.0 = Release|Any CPU
		{011F654E-D028-4A3B-AA10-F3763CF7AC92}.Debug|Any CPU.ActiveCfg = Debug|Any CPU
		{011F654E-D028-4A3B-AA10-F3763CF7AC92}.Debug|Any CPU.Build.0 = Debug|Any CPU
		{011F654E-D028-4A3B-AA10-F3763CF7AC92}.Release|Any CPU.ActiveCfg = Release|Any CPU
		{011F654E-D028-4A3B-AA10-F3763CF7AC92}.Release|Any CPU.Build.0 = Release|Any CPU
		{2BB8A561-BBE0-4BB0-8C26-C6D9E2721A32}.Debug|Any CPU.ActiveCfg = Debug|Any CPU
		{2BB8A561-BBE0-4BB0-8C26-C6D9E2721A32}.Debug|Any CPU.Build.0 = Debug|Any CPU
		{2BB8A561-BBE0-4BB0-8C26-C6D9E2721A32}.Release|Any CPU.ActiveCfg = Release|Any CPU
		{2BB8A561-BBE0-4BB0-8C26-C6D9E2721A32}.Release|Any CPU.Build.0 = Release|Any CPU
		{15B449EB-6FC0-4B9F-92ED-4493CED479E3}.Debug|Any CPU.ActiveCfg = Debug|Any CPU
		{15B449EB-6FC0-4B9F-92ED-4493CED479E3}.Debug|Any CPU.Build.0 = Debug|Any CPU
		{15B449EB-6FC0-4B9F-92ED-4493CED479E3}.Release|Any CPU.ActiveCfg = Release|Any CPU
		{15B449EB-6FC0-4B9F-92ED-4493CED479E3}.Release|Any CPU.Build.0 = Release|Any CPU
		{B4242BFF-118A-411B-88BE-BC5EE59AB0FC}.Debug|Any CPU.ActiveCfg = Debug|Any CPU
		{B4242BFF-118A-411B-88BE-BC5EE59AB0FC}.Debug|Any CPU.Build.0 = Debug|Any CPU
		{B4242BFF-118A-411B-88BE-BC5EE59AB0FC}.Release|Any CPU.ActiveCfg = Release|Any CPU
		{B4242BFF-118A-411B-88BE-BC5EE59AB0FC}.Release|Any CPU.Build.0 = Release|Any CPU
		{D81EE444-F393-4A7A-8108-F8F907080C02}.Debug|Any CPU.ActiveCfg = Debug|Any CPU
		{D81EE444-F393-4A7A-8108-F8F907080C02}.Debug|Any CPU.Build.0 = Debug|Any CPU
		{D81EE444-F393-4A7A-8108-F8F907080C02}.Release|Any CPU.ActiveCfg = Release|Any CPU
		{D81EE444-F393-4A7A-8108-F8F907080C02}.Release|Any CPU.Build.0 = Release|Any CPU
		{906C92E5-ECAF-4BF5-A6FE-784666B554E5}.Debug|Any CPU.ActiveCfg = Debug|Any CPU
		{906C92E5-ECAF-4BF5-A6FE-784666B554E5}.Debug|Any CPU.Build.0 = Debug|Any CPU
		{906C92E5-ECAF-4BF5-A6FE-784666B554E5}.Release|Any CPU.ActiveCfg = Release|Any CPU
		{906C92E5-ECAF-4BF5-A6FE-784666B554E5}.Release|Any CPU.Build.0 = Release|Any CPU
		{40D16CF5-81E5-49A1-BBEF-B3A93218FDDA}.Debug|Any CPU.ActiveCfg = Debug|Any CPU
		{40D16CF5-81E5-49A1-BBEF-B3A93218FDDA}.Debug|Any CPU.Build.0 = Debug|Any CPU
		{40D16CF5-81E5-49A1-BBEF-B3A93218FDDA}.Release|Any CPU.ActiveCfg = Release|Any CPU
		{40D16CF5-81E5-49A1-BBEF-B3A93218FDDA}.Release|Any CPU.Build.0 = Release|Any CPU
		{322D0F68-2378-4B1D-A4D3-BBAFC4267052}.Debug|Any CPU.ActiveCfg = Debug|Any CPU
		{322D0F68-2378-4B1D-A4D3-BBAFC4267052}.Debug|Any CPU.Build.0 = Debug|Any CPU
		{322D0F68-2378-4B1D-A4D3-BBAFC4267052}.Release|Any CPU.ActiveCfg = Release|Any CPU
		{322D0F68-2378-4B1D-A4D3-BBAFC4267052}.Release|Any CPU.Build.0 = Release|Any CPU
		{227FABA9-2A12-4834-9A34-DCD055C2ADFF}.Debug|Any CPU.ActiveCfg = Debug|Any CPU
		{227FABA9-2A12-4834-9A34-DCD055C2ADFF}.Debug|Any CPU.Build.0 = Debug|Any CPU
		{227FABA9-2A12-4834-9A34-DCD055C2ADFF}.Release|Any CPU.ActiveCfg = Release|Any CPU
		{227FABA9-2A12-4834-9A34-DCD055C2ADFF}.Release|Any CPU.Build.0 = Release|Any CPU
		{2C019F07-47C4-451D-A616-036FF4B1BA11}.Debug|Any CPU.ActiveCfg = Debug|Any CPU
		{2C019F07-47C4-451D-A616-036FF4B1BA11}.Debug|Any CPU.Build.0 = Debug|Any CPU
		{2C019F07-47C4-451D-A616-036FF4B1BA11}.Release|Any CPU.ActiveCfg = Release|Any CPU
		{2C019F07-47C4-451D-A616-036FF4B1BA11}.Release|Any CPU.Build.0 = Release|Any CPU
		{FE1ED587-336A-4AED-8504-DF7E7B931657}.Debug|Any CPU.ActiveCfg = Debug|Any CPU
		{FE1ED587-336A-4AED-8504-DF7E7B931657}.Debug|Any CPU.Build.0 = Debug|Any CPU
		{FE1ED587-336A-4AED-8504-DF7E7B931657}.Release|Any CPU.ActiveCfg = Release|Any CPU
		{FE1ED587-336A-4AED-8504-DF7E7B931657}.Release|Any CPU.Build.0 = Release|Any CPU
		{F2408EB7-90EB-465E-A984-BEE8CB36FECD}.Debug|Any CPU.ActiveCfg = Debug|Any CPU
		{F2408EB7-90EB-465E-A984-BEE8CB36FECD}.Debug|Any CPU.Build.0 = Debug|Any CPU
		{F2408EB7-90EB-465E-A984-BEE8CB36FECD}.Release|Any CPU.ActiveCfg = Release|Any CPU
		{F2408EB7-90EB-465E-A984-BEE8CB36FECD}.Release|Any CPU.Build.0 = Release|Any CPU
		{14B6ACDB-8B7E-41BB-A37C-97949E098800}.Debug|Any CPU.ActiveCfg = Debug|Any CPU
		{14B6ACDB-8B7E-41BB-A37C-97949E098800}.Debug|Any CPU.Build.0 = Debug|Any CPU
		{14B6ACDB-8B7E-41BB-A37C-97949E098800}.Release|Any CPU.ActiveCfg = Release|Any CPU
		{14B6ACDB-8B7E-41BB-A37C-97949E098800}.Release|Any CPU.Build.0 = Release|Any CPU
		{D0FDDCD8-E850-44E4-9B8B-5D8E1988C80D}.Debug|Any CPU.ActiveCfg = Debug|Any CPU
		{D0FDDCD8-E850-44E4-9B8B-5D8E1988C80D}.Debug|Any CPU.Build.0 = Debug|Any CPU
		{D0FDDCD8-E850-44E4-9B8B-5D8E1988C80D}.Release|Any CPU.ActiveCfg = Release|Any CPU
		{D0FDDCD8-E850-44E4-9B8B-5D8E1988C80D}.Release|Any CPU.Build.0 = Release|Any CPU
		{1CDBBA8F-BC6D-4D1F-8CBA-55928A9ACEC5}.Debug|Any CPU.ActiveCfg = Debug|Any CPU
		{1CDBBA8F-BC6D-4D1F-8CBA-55928A9ACEC5}.Debug|Any CPU.Build.0 = Debug|Any CPU
		{1CDBBA8F-BC6D-4D1F-8CBA-55928A9ACEC5}.Release|Any CPU.ActiveCfg = Release|Any CPU
		{1CDBBA8F-BC6D-4D1F-8CBA-55928A9ACEC5}.Release|Any CPU.Build.0 = Release|Any CPU
		{DB5C3544-E1DD-4A18-9842-4A145EA92631}.Debug|Any CPU.ActiveCfg = Debug|Any CPU
		{DB5C3544-E1DD-4A18-9842-4A145EA92631}.Debug|Any CPU.Build.0 = Debug|Any CPU
		{DB5C3544-E1DD-4A18-9842-4A145EA92631}.Release|Any CPU.ActiveCfg = Release|Any CPU
		{DB5C3544-E1DD-4A18-9842-4A145EA92631}.Release|Any CPU.Build.0 = Release|Any CPU
		{AE74DD43-598D-46D2-9C17-29641FF6F8F8}.Debug|Any CPU.ActiveCfg = Debug|Any CPU
		{AE74DD43-598D-46D2-9C17-29641FF6F8F8}.Debug|Any CPU.Build.0 = Debug|Any CPU
		{AE74DD43-598D-46D2-9C17-29641FF6F8F8}.Release|Any CPU.ActiveCfg = Release|Any CPU
		{AE74DD43-598D-46D2-9C17-29641FF6F8F8}.Release|Any CPU.Build.0 = Release|Any CPU
		{0D5DF762-EC69-423D-849E-600B9311337D}.Debug|Any CPU.ActiveCfg = Debug|Any CPU
		{0D5DF762-EC69-423D-849E-600B9311337D}.Debug|Any CPU.Build.0 = Debug|Any CPU
		{0D5DF762-EC69-423D-849E-600B9311337D}.Release|Any CPU.ActiveCfg = Release|Any CPU
		{0D5DF762-EC69-423D-849E-600B9311337D}.Release|Any CPU.Build.0 = Release|Any CPU
		{20F87987-81CA-4C3E-BB60-AD07252C74C8}.Debug|Any CPU.ActiveCfg = Debug|Any CPU
		{20F87987-81CA-4C3E-BB60-AD07252C74C8}.Debug|Any CPU.Build.0 = Debug|Any CPU
		{20F87987-81CA-4C3E-BB60-AD07252C74C8}.Release|Any CPU.ActiveCfg = Release|Any CPU
		{20F87987-81CA-4C3E-BB60-AD07252C74C8}.Release|Any CPU.Build.0 = Release|Any CPU
		{6BF05005-82F5-43F3-A5F0-39B5A8AA9AC6}.Debug|Any CPU.ActiveCfg = Debug|Any CPU
		{6BF05005-82F5-43F3-A5F0-39B5A8AA9AC6}.Debug|Any CPU.Build.0 = Debug|Any CPU
		{6BF05005-82F5-43F3-A5F0-39B5A8AA9AC6}.Release|Any CPU.ActiveCfg = Release|Any CPU
		{6BF05005-82F5-43F3-A5F0-39B5A8AA9AC6}.Release|Any CPU.Build.0 = Release|Any CPU
		{8A5A2422-7F80-4126-ABB3-3F9A2DB56DD3}.Debug|Any CPU.ActiveCfg = Debug|Any CPU
		{8A5A2422-7F80-4126-ABB3-3F9A2DB56DD3}.Debug|Any CPU.Build.0 = Debug|Any CPU
		{8A5A2422-7F80-4126-ABB3-3F9A2DB56DD3}.Release|Any CPU.ActiveCfg = Release|Any CPU
		{8A5A2422-7F80-4126-ABB3-3F9A2DB56DD3}.Release|Any CPU.Build.0 = Release|Any CPU
		{7BF83468-73FC-48F8-96A9-3EA4DD6A402D}.Debug|Any CPU.ActiveCfg = Debug|Any CPU
		{7BF83468-73FC-48F8-96A9-3EA4DD6A402D}.Debug|Any CPU.Build.0 = Debug|Any CPU
		{7BF83468-73FC-48F8-96A9-3EA4DD6A402D}.Release|Any CPU.ActiveCfg = Release|Any CPU
		{7BF83468-73FC-48F8-96A9-3EA4DD6A402D}.Release|Any CPU.Build.0 = Release|Any CPU
		{FE8817B7-7FC5-4418-8879-C7EBB2BE1435}.Debug|Any CPU.ActiveCfg = Debug|Any CPU
		{FE8817B7-7FC5-4418-8879-C7EBB2BE1435}.Debug|Any CPU.Build.0 = Debug|Any CPU
		{FE8817B7-7FC5-4418-8879-C7EBB2BE1435}.Release|Any CPU.ActiveCfg = Release|Any CPU
		{FE8817B7-7FC5-4418-8879-C7EBB2BE1435}.Release|Any CPU.Build.0 = Release|Any CPU
		{C20A2FCE-4CAC-41ED-A9BE-28C4211A9B37}.Debug|Any CPU.ActiveCfg = Debug|Any CPU
		{C20A2FCE-4CAC-41ED-A9BE-28C4211A9B37}.Debug|Any CPU.Build.0 = Debug|Any CPU
		{C20A2FCE-4CAC-41ED-A9BE-28C4211A9B37}.Release|Any CPU.ActiveCfg = Release|Any CPU
		{C20A2FCE-4CAC-41ED-A9BE-28C4211A9B37}.Release|Any CPU.Build.0 = Release|Any CPU
		{7DCD4E88-24DD-4FCA-8A16-72A5E3AE8D53}.Debug|Any CPU.ActiveCfg = Debug|Any CPU
		{7DCD4E88-24DD-4FCA-8A16-72A5E3AE8D53}.Debug|Any CPU.Build.0 = Debug|Any CPU
		{7DCD4E88-24DD-4FCA-8A16-72A5E3AE8D53}.Release|Any CPU.ActiveCfg = Release|Any CPU
		{7DCD4E88-24DD-4FCA-8A16-72A5E3AE8D53}.Release|Any CPU.Build.0 = Release|Any CPU
		{BFA985E1-0AAB-440E-BB48-DFD0A5F47B38}.Debug|Any CPU.ActiveCfg = Debug|Any CPU
		{BFA985E1-0AAB-440E-BB48-DFD0A5F47B38}.Debug|Any CPU.Build.0 = Debug|Any CPU
		{BFA985E1-0AAB-440E-BB48-DFD0A5F47B38}.Release|Any CPU.ActiveCfg = Release|Any CPU
		{BFA985E1-0AAB-440E-BB48-DFD0A5F47B38}.Release|Any CPU.Build.0 = Release|Any CPU
		{23466319-50DB-4603-99BD-6CBEAA380F07}.Debug|Any CPU.ActiveCfg = Debug|Any CPU
		{23466319-50DB-4603-99BD-6CBEAA380F07}.Debug|Any CPU.Build.0 = Debug|Any CPU
		{23466319-50DB-4603-99BD-6CBEAA380F07}.Release|Any CPU.ActiveCfg = Release|Any CPU
		{23466319-50DB-4603-99BD-6CBEAA380F07}.Release|Any CPU.Build.0 = Release|Any CPU
		{5B4D3CF2-7004-4099-8354-C2EA1A840F5C}.Debug|Any CPU.ActiveCfg = Debug|Any CPU
		{5B4D3CF2-7004-4099-8354-C2EA1A840F5C}.Debug|Any CPU.Build.0 = Debug|Any CPU
		{5B4D3CF2-7004-4099-8354-C2EA1A840F5C}.Release|Any CPU.ActiveCfg = Release|Any CPU
		{5B4D3CF2-7004-4099-8354-C2EA1A840F5C}.Release|Any CPU.Build.0 = Release|Any CPU
		{C2C87FEA-C07F-416C-8270-AE0BA124D047}.Debug|Any CPU.ActiveCfg = Debug|Any CPU
		{C2C87FEA-C07F-416C-8270-AE0BA124D047}.Debug|Any CPU.Build.0 = Debug|Any CPU
		{C2C87FEA-C07F-416C-8270-AE0BA124D047}.Release|Any CPU.ActiveCfg = Release|Any CPU
		{C2C87FEA-C07F-416C-8270-AE0BA124D047}.Release|Any CPU.Build.0 = Release|Any CPU
		{56D3355F-EB04-4A76-91C9-B660455BFABA}.Debug|Any CPU.ActiveCfg = Debug|Any CPU
		{56D3355F-EB04-4A76-91C9-B660455BFABA}.Debug|Any CPU.Build.0 = Debug|Any CPU
		{56D3355F-EB04-4A76-91C9-B660455BFABA}.Release|Any CPU.ActiveCfg = Release|Any CPU
		{56D3355F-EB04-4A76-91C9-B660455BFABA}.Release|Any CPU.Build.0 = Release|Any CPU
		{6A075A3F-3697-4EB7-B935-E38B00C51F03}.Debug|Any CPU.ActiveCfg = Debug|Any CPU
		{6A075A3F-3697-4EB7-B935-E38B00C51F03}.Debug|Any CPU.Build.0 = Debug|Any CPU
		{6A075A3F-3697-4EB7-B935-E38B00C51F03}.Release|Any CPU.ActiveCfg = Release|Any CPU
		{6A075A3F-3697-4EB7-B935-E38B00C51F03}.Release|Any CPU.Build.0 = Release|Any CPU
		{46324D67-CBCF-4D57-8DD7-2000B1D02F3A}.Debug|Any CPU.ActiveCfg = Debug|Any CPU
		{46324D67-CBCF-4D57-8DD7-2000B1D02F3A}.Debug|Any CPU.Build.0 = Debug|Any CPU
		{46324D67-CBCF-4D57-8DD7-2000B1D02F3A}.Release|Any CPU.ActiveCfg = Release|Any CPU
		{46324D67-CBCF-4D57-8DD7-2000B1D02F3A}.Release|Any CPU.Build.0 = Release|Any CPU
		{30BD6C14-2174-420D-99B7-81B40C4626D5}.Debug|Any CPU.ActiveCfg = Debug|Any CPU
		{30BD6C14-2174-420D-99B7-81B40C4626D5}.Debug|Any CPU.Build.0 = Debug|Any CPU
		{30BD6C14-2174-420D-99B7-81B40C4626D5}.Release|Any CPU.ActiveCfg = Release|Any CPU
		{30BD6C14-2174-420D-99B7-81B40C4626D5}.Release|Any CPU.Build.0 = Release|Any CPU
		{F5EA7F26-A3E9-48F4-AEBD-A28942DF9D57}.Debug|Any CPU.ActiveCfg = Debug|Any CPU
		{F5EA7F26-A3E9-48F4-AEBD-A28942DF9D57}.Debug|Any CPU.Build.0 = Debug|Any CPU
		{F5EA7F26-A3E9-48F4-AEBD-A28942DF9D57}.Release|Any CPU.ActiveCfg = Release|Any CPU
		{F5EA7F26-A3E9-48F4-AEBD-A28942DF9D57}.Release|Any CPU.Build.0 = Release|Any CPU
		{3806C0FE-6C0E-4DB1-984F-9463789C1F44}.Debug|Any CPU.ActiveCfg = Debug|Any CPU
		{3806C0FE-6C0E-4DB1-984F-9463789C1F44}.Debug|Any CPU.Build.0 = Debug|Any CPU
		{3806C0FE-6C0E-4DB1-984F-9463789C1F44}.Release|Any CPU.ActiveCfg = Release|Any CPU
		{3806C0FE-6C0E-4DB1-984F-9463789C1F44}.Release|Any CPU.Build.0 = Release|Any CPU
		{A8798D1E-378A-4A3F-A115-39FFC6E39478}.Debug|Any CPU.ActiveCfg = Debug|Any CPU
		{A8798D1E-378A-4A3F-A115-39FFC6E39478}.Debug|Any CPU.Build.0 = Debug|Any CPU
		{A8798D1E-378A-4A3F-A115-39FFC6E39478}.Release|Any CPU.ActiveCfg = Release|Any CPU
		{A8798D1E-378A-4A3F-A115-39FFC6E39478}.Release|Any CPU.Build.0 = Release|Any CPU
		{5B49DC45-336B-4C37-8C4E-8481B03D5903}.Debug|Any CPU.ActiveCfg = Debug|Any CPU
		{5B49DC45-336B-4C37-8C4E-8481B03D5903}.Debug|Any CPU.Build.0 = Debug|Any CPU
		{5B49DC45-336B-4C37-8C4E-8481B03D5903}.Release|Any CPU.ActiveCfg = Release|Any CPU
		{5B49DC45-336B-4C37-8C4E-8481B03D5903}.Release|Any CPU.Build.0 = Release|Any CPU
		{BEC5B663-827B-406B-9A1E-8BC39C4186E8}.Debug|Any CPU.ActiveCfg = Debug|Any CPU
		{BEC5B663-827B-406B-9A1E-8BC39C4186E8}.Debug|Any CPU.Build.0 = Debug|Any CPU
		{BEC5B663-827B-406B-9A1E-8BC39C4186E8}.Release|Any CPU.ActiveCfg = Release|Any CPU
		{BEC5B663-827B-406B-9A1E-8BC39C4186E8}.Release|Any CPU.Build.0 = Release|Any CPU
		{116D770A-33A4-46A9-8F94-1E8041AB3646}.Debug|Any CPU.ActiveCfg = Debug|Any CPU
		{116D770A-33A4-46A9-8F94-1E8041AB3646}.Debug|Any CPU.Build.0 = Debug|Any CPU
		{116D770A-33A4-46A9-8F94-1E8041AB3646}.Release|Any CPU.ActiveCfg = Release|Any CPU
		{116D770A-33A4-46A9-8F94-1E8041AB3646}.Release|Any CPU.Build.0 = Release|Any CPU
		{EEB919C2-3EBE-401E-AE14-3669235F1431}.Debug|Any CPU.ActiveCfg = Debug|Any CPU
		{EEB919C2-3EBE-401E-AE14-3669235F1431}.Debug|Any CPU.Build.0 = Debug|Any CPU
		{EEB919C2-3EBE-401E-AE14-3669235F1431}.Release|Any CPU.ActiveCfg = Release|Any CPU
		{EEB919C2-3EBE-401E-AE14-3669235F1431}.Release|Any CPU.Build.0 = Release|Any CPU
		{DFAB77FB-72E1-4CB0-89CE-23FF7B19FFAB}.Debug|Any CPU.ActiveCfg = Debug|Any CPU
		{DFAB77FB-72E1-4CB0-89CE-23FF7B19FFAB}.Debug|Any CPU.Build.0 = Debug|Any CPU
		{DFAB77FB-72E1-4CB0-89CE-23FF7B19FFAB}.Release|Any CPU.ActiveCfg = Release|Any CPU
		{DFAB77FB-72E1-4CB0-89CE-23FF7B19FFAB}.Release|Any CPU.Build.0 = Release|Any CPU
		{83277CEE-1191-4648-8FB4-3716F1E22625}.Debug|Any CPU.ActiveCfg = Debug|Any CPU
		{83277CEE-1191-4648-8FB4-3716F1E22625}.Debug|Any CPU.Build.0 = Debug|Any CPU
		{83277CEE-1191-4648-8FB4-3716F1E22625}.Release|Any CPU.ActiveCfg = Release|Any CPU
		{83277CEE-1191-4648-8FB4-3716F1E22625}.Release|Any CPU.Build.0 = Release|Any CPU
		{EC0F3ABC-CD92-48B8-9BB0-A87F8DEFBD54}.Debug|Any CPU.ActiveCfg = Debug|Any CPU
		{EC0F3ABC-CD92-48B8-9BB0-A87F8DEFBD54}.Debug|Any CPU.Build.0 = Debug|Any CPU
		{EC0F3ABC-CD92-48B8-9BB0-A87F8DEFBD54}.Release|Any CPU.ActiveCfg = Release|Any CPU
		{EC0F3ABC-CD92-48B8-9BB0-A87F8DEFBD54}.Release|Any CPU.Build.0 = Release|Any CPU
		{1A71FAD2-826F-46FF-949E-B3E5E33B6616}.Debug|Any CPU.ActiveCfg = Debug|Any CPU
		{1A71FAD2-826F-46FF-949E-B3E5E33B6616}.Debug|Any CPU.Build.0 = Debug|Any CPU
		{1A71FAD2-826F-46FF-949E-B3E5E33B6616}.Release|Any CPU.ActiveCfg = Release|Any CPU
		{1A71FAD2-826F-46FF-949E-B3E5E33B6616}.Release|Any CPU.Build.0 = Release|Any CPU
		{741BA23F-D464-4181-8B5B-9837DD6137DC}.Debug|Any CPU.ActiveCfg = Debug|Any CPU
		{741BA23F-D464-4181-8B5B-9837DD6137DC}.Debug|Any CPU.Build.0 = Debug|Any CPU
		{741BA23F-D464-4181-8B5B-9837DD6137DC}.Release|Any CPU.ActiveCfg = Release|Any CPU
		{741BA23F-D464-4181-8B5B-9837DD6137DC}.Release|Any CPU.Build.0 = Release|Any CPU
		{62B81E72-592A-435E-A183-EC6FE6423652}.Debug|Any CPU.ActiveCfg = Debug|Any CPU
		{62B81E72-592A-435E-A183-EC6FE6423652}.Debug|Any CPU.Build.0 = Debug|Any CPU
		{62B81E72-592A-435E-A183-EC6FE6423652}.Release|Any CPU.ActiveCfg = Release|Any CPU
		{62B81E72-592A-435E-A183-EC6FE6423652}.Release|Any CPU.Build.0 = Release|Any CPU
		{2B103974-F580-40ED-8DA8-43316B50BAB5}.Debug|Any CPU.ActiveCfg = Debug|Any CPU
		{2B103974-F580-40ED-8DA8-43316B50BAB5}.Debug|Any CPU.Build.0 = Debug|Any CPU
		{2B103974-F580-40ED-8DA8-43316B50BAB5}.Release|Any CPU.ActiveCfg = Release|Any CPU
		{2B103974-F580-40ED-8DA8-43316B50BAB5}.Release|Any CPU.Build.0 = Release|Any CPU
		{7DCA85AA-193B-4D5F-A45D-C94F52903EEE}.Debug|Any CPU.ActiveCfg = Debug|Any CPU
		{7DCA85AA-193B-4D5F-A45D-C94F52903EEE}.Debug|Any CPU.Build.0 = Debug|Any CPU
		{7DCA85AA-193B-4D5F-A45D-C94F52903EEE}.Release|Any CPU.ActiveCfg = Release|Any CPU
		{7DCA85AA-193B-4D5F-A45D-C94F52903EEE}.Release|Any CPU.Build.0 = Release|Any CPU
		{B28ECB92-43F3-411A-8A37-231F834ECD02}.Debug|Any CPU.ActiveCfg = Debug|Any CPU
		{B28ECB92-43F3-411A-8A37-231F834ECD02}.Debug|Any CPU.Build.0 = Debug|Any CPU
		{B28ECB92-43F3-411A-8A37-231F834ECD02}.Release|Any CPU.ActiveCfg = Release|Any CPU
		{B28ECB92-43F3-411A-8A37-231F834ECD02}.Release|Any CPU.Build.0 = Release|Any CPU
		{397AFAD4-CB87-4420-8FEF-9E802DE78765}.Debug|Any CPU.ActiveCfg = Debug|Any CPU
		{397AFAD4-CB87-4420-8FEF-9E802DE78765}.Debug|Any CPU.Build.0 = Debug|Any CPU
		{397AFAD4-CB87-4420-8FEF-9E802DE78765}.Release|Any CPU.ActiveCfg = Release|Any CPU
		{397AFAD4-CB87-4420-8FEF-9E802DE78765}.Release|Any CPU.Build.0 = Release|Any CPU
		{DB641C64-30F9-4994-AF85-EB645B50A01F}.Debug|Any CPU.ActiveCfg = Debug|Any CPU
		{DB641C64-30F9-4994-AF85-EB645B50A01F}.Debug|Any CPU.Build.0 = Debug|Any CPU
		{DB641C64-30F9-4994-AF85-EB645B50A01F}.Release|Any CPU.ActiveCfg = Release|Any CPU
		{DB641C64-30F9-4994-AF85-EB645B50A01F}.Release|Any CPU.Build.0 = Release|Any CPU
		{465AB227-F515-4458-99F3-957EEF9C06D0}.Debug|Any CPU.ActiveCfg = Debug|Any CPU
		{465AB227-F515-4458-99F3-957EEF9C06D0}.Debug|Any CPU.Build.0 = Debug|Any CPU
		{465AB227-F515-4458-99F3-957EEF9C06D0}.Release|Any CPU.ActiveCfg = Release|Any CPU
		{465AB227-F515-4458-99F3-957EEF9C06D0}.Release|Any CPU.Build.0 = Release|Any CPU
		{D701282C-02B4-4938-8134-58109D3BA7DA}.Debug|Any CPU.ActiveCfg = Debug|Any CPU
		{D701282C-02B4-4938-8134-58109D3BA7DA}.Debug|Any CPU.Build.0 = Debug|Any CPU
		{D701282C-02B4-4938-8134-58109D3BA7DA}.Release|Any CPU.ActiveCfg = Release|Any CPU
		{D701282C-02B4-4938-8134-58109D3BA7DA}.Release|Any CPU.Build.0 = Release|Any CPU
		{FFBF90F1-37A6-4ECE-9C3E-7B92DF350D03}.Debug|Any CPU.ActiveCfg = Debug|Any CPU
		{FFBF90F1-37A6-4ECE-9C3E-7B92DF350D03}.Debug|Any CPU.Build.0 = Debug|Any CPU
		{FFBF90F1-37A6-4ECE-9C3E-7B92DF350D03}.Release|Any CPU.ActiveCfg = Release|Any CPU
		{FFBF90F1-37A6-4ECE-9C3E-7B92DF350D03}.Release|Any CPU.Build.0 = Release|Any CPU
		{A165DF0C-2707-4FF3-8683-622042C3A3EA}.Debug|Any CPU.ActiveCfg = Debug|Any CPU
		{A165DF0C-2707-4FF3-8683-622042C3A3EA}.Debug|Any CPU.Build.0 = Debug|Any CPU
		{A165DF0C-2707-4FF3-8683-622042C3A3EA}.Release|Any CPU.ActiveCfg = Release|Any CPU
		{A165DF0C-2707-4FF3-8683-622042C3A3EA}.Release|Any CPU.Build.0 = Release|Any CPU
		{FC9FABB7-3031-4A85-A4AE-83FE58FEE4B1}.Debug|Any CPU.ActiveCfg = Debug|Any CPU
		{FC9FABB7-3031-4A85-A4AE-83FE58FEE4B1}.Debug|Any CPU.Build.0 = Debug|Any CPU
		{FC9FABB7-3031-4A85-A4AE-83FE58FEE4B1}.Release|Any CPU.ActiveCfg = Release|Any CPU
		{FC9FABB7-3031-4A85-A4AE-83FE58FEE4B1}.Release|Any CPU.Build.0 = Release|Any CPU
		{926A7716-E335-4C80-9057-551E499A5EED}.Debug|Any CPU.ActiveCfg = Debug|Any CPU
		{926A7716-E335-4C80-9057-551E499A5EED}.Debug|Any CPU.Build.0 = Debug|Any CPU
		{926A7716-E335-4C80-9057-551E499A5EED}.Release|Any CPU.ActiveCfg = Release|Any CPU
		{926A7716-E335-4C80-9057-551E499A5EED}.Release|Any CPU.Build.0 = Release|Any CPU
		{B0ECC4F4-B512-43E0-B265-ABEE4CEC70E5}.Debug|Any CPU.ActiveCfg = Debug|Any CPU
		{B0ECC4F4-B512-43E0-B265-ABEE4CEC70E5}.Debug|Any CPU.Build.0 = Debug|Any CPU
		{B0ECC4F4-B512-43E0-B265-ABEE4CEC70E5}.Release|Any CPU.ActiveCfg = Release|Any CPU
		{B0ECC4F4-B512-43E0-B265-ABEE4CEC70E5}.Release|Any CPU.Build.0 = Release|Any CPU
		{65C41960-1B5B-4136-AC15-B99AE84E694D}.Debug|Any CPU.ActiveCfg = Debug|Any CPU
		{65C41960-1B5B-4136-AC15-B99AE84E694D}.Debug|Any CPU.Build.0 = Debug|Any CPU
		{65C41960-1B5B-4136-AC15-B99AE84E694D}.Release|Any CPU.ActiveCfg = Release|Any CPU
		{65C41960-1B5B-4136-AC15-B99AE84E694D}.Release|Any CPU.Build.0 = Release|Any CPU
		{C34F13E8-A481-4F0D-B315-55A237315AB6}.Debug|Any CPU.ActiveCfg = Debug|Any CPU
		{C34F13E8-A481-4F0D-B315-55A237315AB6}.Debug|Any CPU.Build.0 = Debug|Any CPU
		{C34F13E8-A481-4F0D-B315-55A237315AB6}.Release|Any CPU.ActiveCfg = Release|Any CPU
		{C34F13E8-A481-4F0D-B315-55A237315AB6}.Release|Any CPU.Build.0 = Release|Any CPU
		{06C261D9-80BD-42A0-B183-E37FD21A2FE8}.Debug|Any CPU.ActiveCfg = Debug|Any CPU
		{06C261D9-80BD-42A0-B183-E37FD21A2FE8}.Debug|Any CPU.Build.0 = Debug|Any CPU
		{06C261D9-80BD-42A0-B183-E37FD21A2FE8}.Release|Any CPU.ActiveCfg = Release|Any CPU
		{06C261D9-80BD-42A0-B183-E37FD21A2FE8}.Release|Any CPU.Build.0 = Release|Any CPU
		{6F775441-30E3-4AA3-9D81-ED0BC18A0B64}.Debug|Any CPU.ActiveCfg = Debug|Any CPU
		{6F775441-30E3-4AA3-9D81-ED0BC18A0B64}.Debug|Any CPU.Build.0 = Debug|Any CPU
		{6F775441-30E3-4AA3-9D81-ED0BC18A0B64}.Release|Any CPU.ActiveCfg = Release|Any CPU
		{6F775441-30E3-4AA3-9D81-ED0BC18A0B64}.Release|Any CPU.Build.0 = Release|Any CPU
		{C6FF14AE-59F3-4A1C-AFE4-B3350D0BDE6E}.Debug|Any CPU.ActiveCfg = Debug|Any CPU
		{C6FF14AE-59F3-4A1C-AFE4-B3350D0BDE6E}.Debug|Any CPU.Build.0 = Debug|Any CPU
		{C6FF14AE-59F3-4A1C-AFE4-B3350D0BDE6E}.Release|Any CPU.ActiveCfg = Release|Any CPU
		{C6FF14AE-59F3-4A1C-AFE4-B3350D0BDE6E}.Release|Any CPU.Build.0 = Release|Any CPU
		{91329AAB-7D69-4631-AA0F-E81CA2A7CCF2}.Debug|Any CPU.ActiveCfg = Debug|Any CPU
		{91329AAB-7D69-4631-AA0F-E81CA2A7CCF2}.Debug|Any CPU.Build.0 = Debug|Any CPU
		{91329AAB-7D69-4631-AA0F-E81CA2A7CCF2}.Release|Any CPU.ActiveCfg = Release|Any CPU
		{91329AAB-7D69-4631-AA0F-E81CA2A7CCF2}.Release|Any CPU.Build.0 = Release|Any CPU
	EndGlobalSection
	GlobalSection(SolutionProperties) = preSolution
		HideSolutionNode = FALSE
	EndGlobalSection
	GlobalSection(ExtensibilityGlobals) = postSolution
		SolutionGuid = {C1906FDE-4B99-45CC-9D14-AC66E9FD6737}
	EndGlobalSection
EndGlobal
